{
  "name": "com.hydroper.gamesec.core",
  "version": "0.1.0",
  "lockfileVersion": 3,
  "requires": true,
  "packages": {
    "": {
      "name": "com.hydroper.gamesec.core",
      "version": "0.1.0",
      "dependencies": {
        "com.hydroper.gamesec.geom2D": "file:../com.hydroper.gamesec.geom2D",
        "com.hydroper.gamesec.util": "file:../com.hydroper.gamesec.util"
      }
    },
    "../com.hydroper.gamesec.geom2D": {
      "version": "0.1.0"
    },
    "../com.hydroper.gamesec.util": {
      "version": "0.1.0"
    },
    "node_modules/com.hydroper.gamesec.geom2D": {
      "resolved": "../com.hydroper.gamesec.geom2D",
      "link": true
    },
    "node_modules/com.hydroper.gamesec.util": {
      "resolved": "../com.hydroper.gamesec.util",
      "link": true
    }
  }
}
